
Microsoft Visual Studio Solution File, Format Version 12.00
# Visual Studio 15
VisualStudioVersion = 15.0.28010.2026
MinimumVisualStudioVersion = 10.0.40219.1
Project("{FAE04EC0-301F-11D3-BF4B-00C04F79EFBC}") = "FinalG3FoodOrderingSystem", "FinalG3FoodOrderingSystem\FinalG3FoodOrderingSystem.csproj", "{307129D6-E462-4853-939C-5372646038F2}"
EndProject
Global
	GlobalSection(SolutionConfigurationPlatforms) = preSolution
		Debug|Any CPU = Debug|Any CPU
		Release|Any CPU = Release|Any CPU
	EndGlobalSection
	GlobalSection(ProjectConfigurationPlatforms) = postSolution
		{307129D6-E462-4853-939C-5372646038F2}.Debug|Any CPU.ActiveCfg = Debug|Any CPU
		{307129D6-E462-4853-939C-5372646038F2}.Debug|Any CPU.Build.0 = Debug|Any CPU
		{307129D6-E462-4853-939C-5372646038F2}.Release|Any CPU.ActiveCfg = Release|Any CPU
		{307129D6-E462-4853-939C-5372646038F2}.Release|Any CPU.Build.0 = Release|Any CPU
	EndGlobalSection
	GlobalSection(SolutionProperties) = preSolution
		HideSolutionNode = FALSE
	EndGlobalSection
	GlobalSection(ExtensibilityGlobals) = postSolution
		SolutionGuid = {CDEBF5AE-4A9D-49ED-9281-6CDB7031D84F}
	EndGlobalSection
EndGlobal
